
Microsoft Visual Studio Solution File, Format Version 12.00
# Visual Studio 15
VisualStudioVersion = 15.0.28307.421
MinimumVisualStudioVersion = 10.0.40219.1
Project("{FAE04EC0-301F-11D3-BF4B-00C04F79EFBC}") = "GroupCapstone", "GroupCapstone\GroupCapstone.csproj", "{988B21BB-786D-42FB-B96C-11022B17374B}"
EndProject
Global
	GlobalSection(SolutionConfigurationPlatforms) = preSolution
		Debug|Any CPU = Debug|Any CPU
		Release|Any CPU = Release|Any CPU
	EndGlobalSection
	GlobalSection(ProjectConfigurationPlatforms) = postSolution
		{988B21BB-786D-42FB-B96C-11022B17374B}.Debug|Any CPU.ActiveCfg = Debug|Any CPU
		{988B21BB-786D-42FB-B96C-11022B17374B}.Debug|Any CPU.Build.0 = Debug|Any CPU
		{988B21BB-786D-42FB-B96C-11022B17374B}.Release|Any CPU.ActiveCfg = Release|Any CPU
		{988B21BB-786D-42FB-B96C-11022B17374B}.Release|Any CPU.Build.0 = Release|Any CPU
	EndGlobalSection
	GlobalSection(SolutionProperties) = preSolution
		HideSolutionNode = FALSE
	EndGlobalSection
	GlobalSection(ExtensibilityGlobals) = postSolution
		SolutionGuid = {8DD4CE1D-646B-4EB5-8E34-5B4B92E7710C}
	EndGlobalSection
EndGlobal
